
Microsoft Visual Studio Solution File, Format Version 12.00
# Visual Studio Version 17
VisualStudioVersion = 17.8.34330.188
MinimumVisualStudioVersion = 10.0.40219.1
Project("{FAE04EC0-301F-11D3-BF4B-00C04F79EFBC}") = "Flag Variable", "Flag Variable\Flag Variable.csproj", "{375F2665-5D51-461D-A473-280B7BB83B68}"
EndProject
Global
	GlobalSection(SolutionConfigurationPlatforms) = preSolution
		Debug|Any CPU = Debug|Any CPU
		Release|Any CPU = Release|Any CPU
	EndGlobalSection
	GlobalSection(ProjectConfigurationPlatforms) = postSolution
		{375F2665-5D51-461D-A473-280B7BB83B68}.Debug|Any CPU.ActiveCfg = Debug|Any CPU
		{375F2665-5D51-461D-A473-280B7BB83B68}.Debug|Any CPU.Build.0 = Debug|Any CPU
		{375F2665-5D51-461D-A473-280B7BB83B68}.Release|Any CPU.ActiveCfg = Release|Any CPU
		{375F2665-5D51-461D-A473-280B7BB83B68}.Release|Any CPU.Build.0 = Release|Any CPU
	EndGlobalSection
	GlobalSection(SolutionProperties) = preSolution
		HideSolutionNode = FALSE
	EndGlobalSection
	GlobalSection(ExtensibilityGlobals) = postSolution
		SolutionGuid = {4130F615-5840-4500-9036-FA62782FB9D0}
	EndGlobalSection
EndGlobal
